{
  "name": "crm-app",
  "version": "1.0.0",
  "lockfileVersion": 3,
  "requires": true,
  "packages": {
    "": {
      "name": "crm-app",
      "version": "1.0.0",
      "dependencies": {
        "value": "^0.3.3"
      }
    },
    "node_modules/value": {
      "version": "0.3.3",
      "resolved": "https://registry.npmjs.org/value/-/value-0.3.3.tgz",
      "integrity": "sha512-FoUpk+woTdFglpgtYXhaLFuaoIZ9CgIio6k7VthllLyR7p6+GbqwzR8o/9nsQ8X3U8CtzPf3Fe6mZnYcgweiTg=="
    }
  }
}
